
Microsoft Visual Studio Solution File, Format Version 12.00
# Visual Studio Version 17
VisualStudioVersion = 17.4.33213.308
MinimumVisualStudioVersion = 10.0.40219.1
Project("{FAE04EC0-301F-11D3-BF4B-00C04F79EFBC}") = "Week3IfAndSwitch", "Week3IfAndSwitch\Week3IfAndSwitch.csproj", "{6E8BAC90-2332-496D-8F13-6FC715050711}"
EndProject
Project("{FAE04EC0-301F-11D3-BF4B-00C04F79EFBC}") = "OddOrEven", "OddOrEven\OddOrEven.csproj", "{C2FA9EB6-A7FB-494B-981D-D8DAFB05CFD0}"
EndProject
Project("{FAE04EC0-301F-11D3-BF4B-00C04F79EFBC}") = "IfDayOfTheWeek", "IfDayOfTheWeek\IfDayOfTheWeek.csproj", "{2D1C84E3-3F15-4B85-953E-089319F369E8}"
EndProject
Project("{FAE04EC0-301F-11D3-BF4B-00C04F79EFBC}") = "SwitchDayOfTheWeek", "SwitchDayOfTheWeek\SwitchDayOfTheWeek.csproj", "{1E92D035-300B-46A5-9671-FC06BDDDC114}"
EndProject
Global
	GlobalSection(SolutionConfigurationPlatforms) = preSolution
		Debug|Any CPU = Debug|Any CPU
		Release|Any CPU = Release|Any CPU
	EndGlobalSection
	GlobalSection(ProjectConfigurationPlatforms) = postSolution
		{6E8BAC90-2332-496D-8F13-6FC715050711}.Debug|Any CPU.ActiveCfg = Debug|Any CPU
		{6E8BAC90-2332-496D-8F13-6FC715050711}.Debug|Any CPU.Build.0 = Debug|Any CPU
		{6E8BAC90-2332-496D-8F13-6FC715050711}.Release|Any CPU.ActiveCfg = Release|Any CPU
		{6E8BAC90-2332-496D-8F13-6FC715050711}.Release|Any CPU.Build.0 = Release|Any CPU
		{C2FA9EB6-A7FB-494B-981D-D8DAFB05CFD0}.Debug|Any CPU.ActiveCfg = Debug|Any CPU
		{C2FA9EB6-A7FB-494B-981D-D8DAFB05CFD0}.Debug|Any CPU.Build.0 = Debug|Any CPU
		{C2FA9EB6-A7FB-494B-981D-D8DAFB05CFD0}.Release|Any CPU.ActiveCfg = Release|Any CPU
		{C2FA9EB6-A7FB-494B-981D-D8DAFB05CFD0}.Release|Any CPU.Build.0 = Release|Any CPU
		{2D1C84E3-3F15-4B85-953E-089319F369E8}.Debug|Any CPU.ActiveCfg = Debug|Any CPU
		{2D1C84E3-3F15-4B85-953E-089319F369E8}.Debug|Any CPU.Build.0 = Debug|Any CPU
		{2D1C84E3-3F15-4B85-953E-089319F369E8}.Release|Any CPU.ActiveCfg = Release|Any CPU
		{2D1C84E3-3F15-4B85-953E-089319F369E8}.Release|Any CPU.Build.0 = Release|Any CPU
		{1E92D035-300B-46A5-9671-FC06BDDDC114}.Debug|Any CPU.ActiveCfg = Debug|Any CPU
		{1E92D035-300B-46A5-9671-FC06BDDDC114}.Debug|Any CPU.Build.0 = Debug|Any CPU
		{1E92D035-300B-46A5-9671-FC06BDDDC114}.Release|Any CPU.ActiveCfg = Release|Any CPU
		{1E92D035-300B-46A5-9671-FC06BDDDC114}.Release|Any CPU.Build.0 = Release|Any CPU
	EndGlobalSection
	GlobalSection(SolutionProperties) = preSolution
		HideSolutionNode = FALSE
	EndGlobalSection
	GlobalSection(ExtensibilityGlobals) = postSolution
		SolutionGuid = {DA508232-1C07-4E79-A715-2430BA8153AE}
	EndGlobalSection
EndGlobal
